{
  "version": 4,
  "terraform_version": "1.9.6",
  "serial": 12,
  "lineage": "d31dc0f1-3907-a214-2e36-542b311d192a",
  "outputs": {},
  "resources": [
    {
      "mode": "managed",
      "type": "local_file",
      "name": "f1",
      "provider": "provider[\"registry.terraform.io/hashicorp/local\"]",
      "instances": [
        {
          "index_key": 0,
          "schema_version": 0,
          "attributes": {
            "content": "looping",
            "content_base64": null,
            "content_base64sha256": "IydjSifSvmFc5V0F5oTbsGAgq2DrkiGNgMsyivdh4DQ=",
            "content_base64sha512": "nz7nztzmwDNUbwel9M43yBUXmUzisXVriaTrMsQtRyHXUjnsvxSmP7BQ/3CMuPTFfc9jRGNjd1rEL1/aab0FiA==",
            "content_md5": "4307703b868958f5efb293a8551371f9",
            "content_sha1": "38798d19e0a18fc25d080ab18e6d8dee47b66861",
            "content_sha256": "2327634a27d2be615ce55d05e684dbb06020ab60eb92218d80cb328af761e034",
            "content_sha512": "9f3ee7cedce6c033546f07a5f4ce37c81517994ce2b1756b89a4eb32c42d4721d75239ecbf14a63fb050ff708cb8f4c57dcf63446363775ac42f5fda69bd0588",
            "directory_permission": "0777",
            "file_permission": "0777",
            "filename": "a",
            "id": "38798d19e0a18fc25d080ab18e6d8dee47b66861",
            "sensitive_content": null,
            "source": null
          },
          "sensitive_attributes": [
            [
              {
                "type": "get_attr",
                "value": "sensitive_content"
              }
            ]
          ]
        },
        {
          "index_key": 1,
          "schema_version": 0,
          "attributes": {
            "content": "looping",
            "content_base64": null,
            "content_base64sha256": "IydjSifSvmFc5V0F5oTbsGAgq2DrkiGNgMsyivdh4DQ=",
            "content_base64sha512": "nz7nztzmwDNUbwel9M43yBUXmUzisXVriaTrMsQtRyHXUjnsvxSmP7BQ/3CMuPTFfc9jRGNjd1rEL1/aab0FiA==",
            "content_md5": "4307703b868958f5efb293a8551371f9",
            "content_sha1": "38798d19e0a18fc25d080ab18e6d8dee47b66861",
            "content_sha256": "2327634a27d2be615ce55d05e684dbb06020ab60eb92218d80cb328af761e034",
            "content_sha512": "9f3ee7cedce6c033546f07a5f4ce37c81517994ce2b1756b89a4eb32c42d4721d75239ecbf14a63fb050ff708cb8f4c57dcf63446363775ac42f5fda69bd0588",
            "directory_permission": "0777",
            "file_permission": "0777",
            "filename": "b",
            "id": "38798d19e0a18fc25d080ab18e6d8dee47b66861",
            "sensitive_content": null,
            "source": null
          },
          "sensitive_attributes": [
            [
              {
                "type": "get_attr",
                "value": "sensitive_content"
              }
            ]
          ]
        },
        {
          "index_key": 2,
          "schema_version": 0,
          "attributes": {
            "content": "looping",
            "content_base64": null,
            "content_base64sha256": "IydjSifSvmFc5V0F5oTbsGAgq2DrkiGNgMsyivdh4DQ=",
            "content_base64sha512": "nz7nztzmwDNUbwel9M43yBUXmUzisXVriaTrMsQtRyHXUjnsvxSmP7BQ/3CMuPTFfc9jRGNjd1rEL1/aab0FiA==",
            "content_md5": "4307703b868958f5efb293a8551371f9",
            "content_sha1": "38798d19e0a18fc25d080ab18e6d8dee47b66861",
            "content_sha256": "2327634a27d2be615ce55d05e684dbb06020ab60eb92218d80cb328af761e034",
            "content_sha512": "9f3ee7cedce6c033546f07a5f4ce37c81517994ce2b1756b89a4eb32c42d4721d75239ecbf14a63fb050ff708cb8f4c57dcf63446363775ac42f5fda69bd0588",
            "directory_permission": "0777",
            "file_permission": "0777",
            "filename": "c",
            "id": "38798d19e0a18fc25d080ab18e6d8dee47b66861",
            "sensitive_content": null,
            "source": null
          },
          "sensitive_attributes": [
            [
              {
                "type": "get_attr",
                "value": "sensitive_content"
              }
            ]
          ]
        }
      ]
    },
    {
      "mode": "managed",
      "type": "local_file",
      "name": "f2",
      "provider": "provider[\"registry.terraform.io/hashicorp/local\"]",
      "instances": [
        {
          "index_key": "abc",
          "schema_version": 0,
          "attributes": {
            "content": "looping",
            "content_base64": null,
            "content_base64sha256": "IydjSifSvmFc5V0F5oTbsGAgq2DrkiGNgMsyivdh4DQ=",
            "content_base64sha512": "nz7nztzmwDNUbwel9M43yBUXmUzisXVriaTrMsQtRyHXUjnsvxSmP7BQ/3CMuPTFfc9jRGNjd1rEL1/aab0FiA==",
            "content_md5": "4307703b868958f5efb293a8551371f9",
            "content_sha1": "38798d19e0a18fc25d080ab18e6d8dee47b66861",
            "content_sha256": "2327634a27d2be615ce55d05e684dbb06020ab60eb92218d80cb328af761e034",
            "content_sha512": "9f3ee7cedce6c033546f07a5f4ce37c81517994ce2b1756b89a4eb32c42d4721d75239ecbf14a63fb050ff708cb8f4c57dcf63446363775ac42f5fda69bd0588",
            "directory_permission": "0777",
            "file_permission": "0777",
            "filename": "abc",
            "id": "38798d19e0a18fc25d080ab18e6d8dee47b66861",
            "sensitive_content": null,
            "source": null
          },
          "sensitive_attributes": [
            [
              {
                "type": "get_attr",
                "value": "sensitive_content"
              }
            ]
          ]
        },
        {
          "index_key": "xyz",
          "schema_version": 0,
          "attributes": {
            "content": "looping",
            "content_base64": null,
            "content_base64sha256": "IydjSifSvmFc5V0F5oTbsGAgq2DrkiGNgMsyivdh4DQ=",
            "content_base64sha512": "nz7nztzmwDNUbwel9M43yBUXmUzisXVriaTrMsQtRyHXUjnsvxSmP7BQ/3CMuPTFfc9jRGNjd1rEL1/aab0FiA==",
            "content_md5": "4307703b868958f5efb293a8551371f9",
            "content_sha1": "38798d19e0a18fc25d080ab18e6d8dee47b66861",
            "content_sha256": "2327634a27d2be615ce55d05e684dbb06020ab60eb92218d80cb328af761e034",
            "content_sha512": "9f3ee7cedce6c033546f07a5f4ce37c81517994ce2b1756b89a4eb32c42d4721d75239ecbf14a63fb050ff708cb8f4c57dcf63446363775ac42f5fda69bd0588",
            "directory_permission": "0777",
            "file_permission": "0777",
            "filename": "xyz",
            "id": "38798d19e0a18fc25d080ab18e6d8dee47b66861",
            "sensitive_content": null,
            "source": null
          },
          "sensitive_attributes": [
            [
              {
                "type": "get_attr",
                "value": "sensitive_content"
              }
            ]
          ]
        }
      ]
    }
  ],
  "check_results": null
}
