{
  "version": 4,
  "terraform_version": "1.9.6",
  "serial": 31,
  "lineage": "87d4dbb0-84f5-fe71-5a28-a5a9fb1301af",
  "outputs": {
    "file_id": {
      "value": "30384c79d79f0caff2db338b85ca7cac1b46cb6f",
      "type": "string"
    }
  },
  "resources": [
    {
      "mode": "managed",
      "type": "local_file",
      "name": "env_var",
      "provider": "provider[\"registry.terraform.io/hashicorp/local\"]",
      "instances": [
        {
          "schema_version": 0,
          "attributes": {
            "content": "export MY_ENV_VAR='my_value'",
            "content_base64": null,
            "content_base64sha256": "9CVh2ksErwv9dYbEJpNnYlEnV1Bn+4mry0tqzmXGQq0=",
            "content_base64sha512": "gLE4SeCehPeTJpvR5/2AmweTx6B02r6XLscG5F1YVyLOvVzBxluwbqIspC6nDugBrSx//ZXod5t1S9P8s7vLww==",
            "content_md5": "c6dd91f74677da53e813860c43e05c52",
            "content_sha1": "94ac80654a624e0b00f673a17735e963cec093fb",
            "content_sha256": "f42561da4b04af0bfd7586c4269367625127575067fb89abcb4b6ace65c642ad",
            "content_sha512": "80b13849e09e84f793269bd1e7fd809b0793c7a074dabe972ec706e45d585722cebd5cc1c65bb06ea22ca42ea70ee801ad2c7ffd95e8779b754bd3fcb3bbcbc3",
            "directory_permission": "0777",
            "file_permission": "0777",
            "filename": "/etc/profile.d/my_env_var.sh",
            "id": "94ac80654a624e0b00f673a17735e963cec093fb",
            "sensitive_content": null,
            "source": null
          },
          "sensitive_attributes": [
            [
              {
                "type": "get_attr",
                "value": "sensitive_content"
              }
            ]
          ]
        }
      ]
    },
    {
      "mode": "managed",
      "type": "local_file",
      "name": "file1",
      "provider": "provider[\"registry.terraform.io/hashicorp/local\"]",
      "instances": [
        {
          "schema_version": 0,
          "attributes": {
            "content": "test content",
            "content_base64": null,
            "content_base64sha256": "auinVVUgn9bEQVfArtgBbnY/9DWhnPGG92hjFAFD/3I=",
            "content_base64sha512": "DL9MrvOAR7upok5iGpYUhOXSqSF2qFnn6yffND3TTrmNU4psX02hzjAuwlC4IcwAHkbMl6cEmIKXGFpN9+mWAg==",
            "content_md5": "9473fdd0d880a43c21b7778d34872157",
            "content_sha1": "1eebdf4fdc9fc7bf283031b93f9aef3338de9052",
            "content_sha256": "6ae8a75555209fd6c44157c0aed8016e763ff435a19cf186f76863140143ff72",
            "content_sha512": "0cbf4caef38047bba9a24e621a961484e5d2a92176a859e7eb27df343dd34eb98d538a6c5f4da1ce302ec250b821cc001e46cc97a704988297185a4df7e99602",
            "directory_permission": "0777",
            "file_permission": "0777",
            "filename": "abc.txt",
            "id": "1eebdf4fdc9fc7bf283031b93f9aef3338de9052",
            "sensitive_content": null,
            "source": null
          },
          "sensitive_attributes": [
            [
              {
                "type": "get_attr",
                "value": "sensitive_content"
              }
            ]
          ]
        }
      ]
    },
    {
      "mode": "managed",
      "type": "local_file",
      "name": "fileA",
      "provider": "provider[\"registry.terraform.io/hashicorp/local\"]",
      "instances": [
        {
          "schema_version": 0,
          "attributes": {
            "content": "xyz.txt",
            "content_base64": null,
            "content_base64sha256": "e2WnrbtAGFKdJdfsYafmx9yUodiQdq2PtmcvytAUSjE=",
            "content_base64sha512": "PVEMO+RP7uf5/y+p2S9IZ7ARH8EP9axLGIKP2zGOz5/gAJefJDARM3drrq9QdY8YgCXk+UdT3VxMQ9OiZ6wrbA==",
            "content_md5": "ed2bd1a4432607d4eabf49429e0922a2",
            "content_sha1": "30384c79d79f0caff2db338b85ca7cac1b46cb6f",
            "content_sha256": "7b65a7adbb4018529d25d7ec61a7e6c7dc94a1d89076ad8fb6672fcad0144a31",
            "content_sha512": "3d510c3be44feee7f9ff2fa9d92f4867b0111fc10ff5ac4b18828fdb318ecf9fe000979f24301133776baeaf50758f188025e4f94753dd5c4c43d3a267ac2b6c",
            "directory_permission": "0777",
            "file_permission": "0777",
            "filename": "new_file_name.txt",
            "id": "30384c79d79f0caff2db338b85ca7cac1b46cb6f",
            "sensitive_content": null,
            "source": null
          },
          "sensitive_attributes": [
            [
              {
                "type": "get_attr",
                "value": "sensitive_content"
              }
            ]
          ]
        }
      ]
    },
    {
      "mode": "managed",
      "type": "local_file",
      "name": "test_tf",
      "provider": "provider[\"registry.terraform.io/hashicorp/local\"]",
      "instances": [
        {
          "schema_version": 0,
          "attributes": {
            "content": "this is modified file",
            "content_base64": null,
            "content_base64sha256": "Wd1eDKUccqSpxCBGECYXRYJMGyAOUWeYW+aRthJIvJs=",
            "content_base64sha512": "afUM0PQz46vhZ+YaRntDHE9aC8Y4H99oT4baB7k/WK7kzxExAdnij3DGDWIyrm4ZKHHplQCIJPlydOZLO5DmPg==",
            "content_md5": "41c7041425077e812a84b53ab9530798",
            "content_sha1": "710a238f813346f865c569d37377288521103f9f",
            "content_sha256": "59dd5e0ca51c72a4a9c4204610261745824c1b200e5167985be691b61248bc9b",
            "content_sha512": "69f50cd0f433e3abe167e61a467b431c4f5a0bc6381fdf684f86da07b93f58aee4cf113101d9e28f70c60d6232ae6e192871e995008824f97274e64b3b90e63e",
            "directory_permission": "0777",
            "file_permission": "0777",
            "filename": "rosh.txt",
            "id": "710a238f813346f865c569d37377288521103f9f",
            "sensitive_content": null,
            "source": null
          },
          "sensitive_attributes": [
            [
              {
                "type": "get_attr",
                "value": "sensitive_content"
              }
            ]
          ]
        }
      ]
    }
  ],
  "check_results": null
}
