{
  "version": 4,
  "terraform_version": "1.9.6",
  "serial": 16,
  "lineage": "e199865d-26ab-12ce-bfd1-aa47e09ad616",
  "outputs": {},
  "resources": [
    {
      "mode": "managed",
      "type": "local_file",
      "name": "file1",
      "provider": "provider[\"registry.terraform.io/hashicorp/local\"]",
      "instances": [
        {
          "schema_version": 0,
          "attributes": {
            "content": "12",
            "content_base64": null,
            "content_base64sha256": "a1HUMd9dfxQcvs7M957fPdhhw7QGnwsRZho+76y7qRg=",
            "content_base64sha512": "Wq20VSDc2HJrKCKnp4u1PXlPVXGZ1dSr3t0sVaS9bKc2B2BcVY3j24DI6GwxlkhFZhY+0TJ+gui2dX0ZMhE8uA==",
            "content_md5": "c20ad4d76fe97759aa27a0c99bff6710",
            "content_sha1": "7b52009b64fd0a2a49e6d8a939753077792b0554",
            "content_sha256": "6b51d431df5d7f141cbececcf79edf3dd861c3b4069f0b11661a3eefacbba918",
            "content_sha512": "5aadb45520dcd8726b2822a7a78bb53d794f557199d5d4abdedd2c55a4bd6ca73607605c558de3db80c8e86c3196484566163ed1327e82e8b6757d1932113cb8",
            "directory_permission": "0777",
            "file_permission": "0777",
            "filename": "a1",
            "id": "7b52009b64fd0a2a49e6d8a939753077792b0554",
            "sensitive_content": null,
            "source": null
          },
          "sensitive_attributes": [
            [
              {
                "type": "get_attr",
                "value": "sensitive_content"
              }
            ]
          ]
        }
      ]
    },
    {
      "mode": "managed",
      "type": "local_file",
      "name": "file2",
      "provider": "provider[\"registry.terraform.io/hashicorp/local\"]",
      "instances": [
        {
          "schema_version": 0,
          "attributes": {
            "content": "true",
            "content_base64": null,
            "content_base64sha256": "tb6kG2xiP3wJ8b8k3K5Y66s8DN2QrZZrxDpFtEhn4Ss=",
            "content_base64sha512": "kSDNX67wegjpcf8CSj/L6h46a0QUKm2CyijGxC5PhSWVvPU9gdd28QVBBFq9t8N5UGKUFdDcZsjYbGSlYG0y3g==",
            "content_md5": "b326b5062b2f0e69046810717534cb09",
            "content_sha1": "5ffe533b830f08a0326348a9160afafc8ada44db",
            "content_sha256": "b5bea41b6c623f7c09f1bf24dcae58ebab3c0cdd90ad966bc43a45b44867e12b",
            "content_sha512": "9120cd5faef07a08e971ff024a3fcbea1e3a6b44142a6d82ca28c6c42e4f852595bcf53d81d776f10541045abdb7c37950629415d0dc66c8d86c64a5606d32de",
            "directory_permission": "0777",
            "file_permission": "0777",
            "filename": "a2",
            "id": "5ffe533b830f08a0326348a9160afafc8ada44db",
            "sensitive_content": null,
            "source": null
          },
          "sensitive_attributes": [
            [
              {
                "type": "get_attr",
                "value": "sensitive_content"
              }
            ]
          ]
        }
      ]
    },
    {
      "mode": "managed",
      "type": "local_file",
      "name": "file3",
      "provider": "provider[\"registry.terraform.io/hashicorp/local\"]",
      "instances": [
        {
          "schema_version": 0,
          "attributes": {
            "content": "roshan123.txt",
            "content_base64": null,
            "content_base64sha256": "bL8O6RHUYS+gwlh8dQQPX+/dMxrjXUfx4XjnN5pmkNA=",
            "content_base64sha512": "6CGtdlG2PfpK4YGSIMvu9WOEUs+Jve97rx8Q5rGnU5C9LyIwjfokXCOsFS93GVkZw8xi+oYdBatUnu/gc+boPQ==",
            "content_md5": "e16da0d1ecc3a0181d6e08820c2ee3dc",
            "content_sha1": "907ac60eede2ac6a855ebeb37101535f7353f605",
            "content_sha256": "6cbf0ee911d4612fa0c2587c75040f5fefdd331ae35d47f1e178e7379a6690d0",
            "content_sha512": "e821ad7651b63dfa4ae1819220cbeef5638452cf89bdef7baf1f10e6b1a75390bd2f22308dfa245c23ac152f77195919c3cc62fa861d05ab549eefe073e6e83d",
            "directory_permission": "0777",
            "file_permission": "0777",
            "filename": "a3",
            "id": "907ac60eede2ac6a855ebeb37101535f7353f605",
            "sensitive_content": null,
            "source": null
          },
          "sensitive_attributes": [
            [
              {
                "type": "get_attr",
                "value": "sensitive_content"
              }
            ]
          ]
        }
      ]
    },
    {
      "mode": "managed",
      "type": "local_file",
      "name": "file4",
      "provider": "provider[\"registry.terraform.io/hashicorp/local\"]",
      "instances": [
        {
          "schema_version": 0,
          "attributes": {
            "content": "ros12.txt",
            "content_base64": null,
            "content_base64sha256": "eP9C8LW+8BPRCl9iqw288IOKdQI19iOMw4B+d1TdsF4=",
            "content_base64sha512": "8Qc9QwakL0I9EATg6U+vkY7bfEaN/8f4mSuwbzzz7ZJNi4cDuD6cRXRH91bzqtXXD1i0RGTUoVIhEDsClF31uQ==",
            "content_md5": "eef056ab21346c3608ea8825ed4131fd",
            "content_sha1": "9d564a6c5870b34666b71a6d3d830ff79364cec0",
            "content_sha256": "78ff42f0b5bef013d10a5f62ab0dbcf0838a750235f6238cc3807e7754ddb05e",
            "content_sha512": "f1073d4306a42f423d1004e0e94faf918edb7c468dffc7f8992bb06f3cf3ed924d8b8703b83e9c457447f756f3aad5d70f58b44464d4a15221103b02945df5b9",
            "directory_permission": "0777",
            "file_permission": "0777",
            "filename": "a4",
            "id": "9d564a6c5870b34666b71a6d3d830ff79364cec0",
            "sensitive_content": null,
            "source": null
          },
          "sensitive_attributes": [
            [
              {
                "type": "get_attr",
                "value": "sensitive_content"
              }
            ]
          ]
        }
      ]
    },
    {
      "mode": "managed",
      "type": "local_file",
      "name": "file5",
      "provider": "provider[\"registry.terraform.io/hashicorp/local\"]",
      "instances": [
        {
          "schema_version": 0,
          "attributes": {
            "content": "roshan",
            "content_base64": null,
            "content_base64sha256": "x7LLVakg6V9cSeMzGkm+An+eQC6Bu/ODk7ctgOdhWLk=",
            "content_base64sha512": "diONekyPdYUTCf3VX8ADTRadA7BSG7BrOH7jwdGJuV3jnKv2XQzjGvKbChuSpQxBUHmT56lxLt4eAi0G+6trfg==",
            "content_md5": "d6dfb33a2052663df81c35e5496b3b1b",
            "content_sha1": "f5efdd2442072948d5e43080601c0ae66e7b0607",
            "content_sha256": "c7b2cb55a920e95f5c49e3331a49be027f9e402e81bbf38393b72d80e76158b9",
            "content_sha512": "76238d7a4c8f75851309fdd55fc0034d169d03b0521bb06b387ee3c1d189b95de39cabf65d0ce31af29b0a1b92a50c41507993e7a9712ede1e022d06fbab6b7e",
            "directory_permission": "0777",
            "file_permission": "0777",
            "filename": "a5",
            "id": "f5efdd2442072948d5e43080601c0ae66e7b0607",
            "sensitive_content": null,
            "source": null
          },
          "sensitive_attributes": [
            [
              {
                "type": "get_attr",
                "value": "sensitive_content"
              }
            ]
          ]
        }
      ]
    },
    {
      "mode": "managed",
      "type": "local_file",
      "name": "file6",
      "provider": "provider[\"registry.terraform.io/hashicorp/local\"]",
      "instances": [
        {
          "schema_version": 0,
          "attributes": {
            "content": "km",
            "content_base64": null,
            "content_base64sha256": "HzRQP2W0o1WpTuVNqONFQQB8xm7FSMYbja++ohoaB4c=",
            "content_base64sha512": "LmAYuUlyzkwiNDDirG2zUJdGBqvyIxM0kkjzNM6mXqbH1MCxGAGE5v6kRXk4hFfGUNV09M6bHWyRrvt5710wtg==",
            "content_md5": "9b05de73d43f8c4ec1110c6bcc5312bc",
            "content_sha1": "08ec69f5be3c483fd11a6e14ddd09865343cd172",
            "content_sha256": "1f34503f65b4a355a94ee54da8e34541007cc66ec548c61b8dafbea21a1a0787",
            "content_sha512": "2e6018b94972ce4c223430e2ac6db350974606abf22313349248f334cea65ea6c7d4c0b1180184e6fea44579388457c650d574f4ce9b1d6c91aefb79ef5d30b6",
            "directory_permission": "0777",
            "file_permission": "0777",
            "filename": "a6",
            "id": "08ec69f5be3c483fd11a6e14ddd09865343cd172",
            "sensitive_content": null,
            "source": null
          },
          "sensitive_attributes": [
            [
              {
                "type": "get_attr",
                "value": "sensitive_content"
              }
            ]
          ]
        }
      ]
    },
    {
      "mode": "managed",
      "type": "local_file",
      "name": "file7",
      "provider": "provider[\"registry.terraform.io/hashicorp/local\"]",
      "instances": [
        {
          "schema_version": 0,
          "attributes": {
            "content": "roshan@domain.com",
            "content_base64": null,
            "content_base64sha256": "9pKieekhZ3ltkxy55K8HMHDVT1xFEtEclIevLBWJW5I=",
            "content_base64sha512": "1koUMZA//z0Sn2APF1ndIiDdA9GwYrPg2u/mqiHm4eskk9wAPWMidz2/Oe3cRO5Qu3AXeVpWKmcBrsny3axIcw==",
            "content_md5": "ac9fe376e630f1c3fd9f4c579eb135f8",
            "content_sha1": "b4e198212cee5dcc06c0acd065c84886dfae5e26",
            "content_sha256": "f692a279e92167796d931cb9e4af073070d54f5c4512d11c9487af2c15895b92",
            "content_sha512": "d64a1431903fff3d129f600f1759dd2220dd03d1b062b3e0daefe6aa21e6e1eb2493dc003d6322773dbf39eddc44ee50bb7017795a562a6701aec9f2ddac4873",
            "directory_permission": "0777",
            "file_permission": "0777",
            "filename": "a7",
            "id": "b4e198212cee5dcc06c0acd065c84886dfae5e26",
            "sensitive_content": null,
            "source": null
          },
          "sensitive_attributes": [
            [
              {
                "type": "get_attr",
                "value": "sensitive_content"
              }
            ]
          ]
        }
      ]
    },
    {
      "mode": "managed",
      "type": "local_file",
      "name": "file8",
      "provider": "provider[\"registry.terraform.io/hashicorp/local\"]",
      "instances": [
        {
          "schema_version": 0,
          "attributes": {
            "content": "345",
            "content_base64": null,
            "content_base64sha256": "2nDfpNn5Wsl5+SHo5iM1gjYxPzNK/NBs3filYhz2oek=",
            "content_base64sha512": "P7QFOsBIrF31E4MABkQ8y85g3FSeAbJjrssKj13o6gxbqNz5h+G1bG6ISrR4JimBDHY2ntREnveKjCTatdxUkw==",
            "content_md5": "d81f9c1be2e08964bf9f24b15f0e4900",
            "content_sha1": "35139ef894b28b73bea022755166a23933c7d9cb",
            "content_sha256": "da70dfa4d9f95ac979f921e8e623358236313f334afcd06cddf8a5621cf6a1e9",
            "content_sha512": "3fb4053ac048ac5df513830006443ccbce60dc549e01b263aecb0a8f5de8ea0c5ba8dcf987e1b56c6e884ab4782629810c76369ed4449ef78a8c24dab5dc5493",
            "directory_permission": "0777",
            "file_permission": "0777",
            "filename": "a8",
            "id": "35139ef894b28b73bea022755166a23933c7d9cb",
            "sensitive_content": null,
            "source": null
          },
          "sensitive_attributes": [
            [
              {
                "type": "get_attr",
                "value": "sensitive_content"
              }
            ]
          ]
        }
      ]
    },
    {
      "mode": "managed",
      "type": "local_file",
      "name": "file9",
      "provider": "provider[\"registry.terraform.io/hashicorp/local\"]",
      "instances": [
        {
          "schema_version": 0,
          "attributes": {
            "content": "2",
            "content_base64": null,
            "content_base64sha256": "1HNeOiZeFu7gP1lxi5tdAwGcB9i2xR+Q2jpmbuwTqzU=",
            "content_base64sha512": "QLJEESZB3XjdT5O2yRkN1G4AmRlNWkQle3761u+f9Gg9oe2gJERIyzQ6poj10+/XMU2v5YCsC8vxFa7Kno3BFA==",
            "content_md5": "c81e728d9d4c2f636f067f89cc14862c",
            "content_sha1": "da4b9237bacccdf19c0760cab7aec4a8359010b0",
            "content_sha256": "d4735e3a265e16eee03f59718b9b5d03019c07d8b6c51f90da3a666eec13ab35",
            "content_sha512": "40b244112641dd78dd4f93b6c9190dd46e0099194d5a44257b7efad6ef9ff4683da1eda0244448cb343aa688f5d3efd7314dafe580ac0bcbf115aeca9e8dc114",
            "directory_permission": "0777",
            "file_permission": "0777",
            "filename": "a9",
            "id": "da4b9237bacccdf19c0760cab7aec4a8359010b0",
            "sensitive_content": null,
            "source": null
          },
          "sensitive_attributes": [
            [
              {
                "type": "get_attr",
                "value": "sensitive_content"
              }
            ]
          ]
        }
      ]
    }
  ],
  "check_results": null
}
