{
  "version": 4,
  "terraform_version": "1.9.6",
  "serial": 27,
  "lineage": "30db54b2-7641-d792-6632-210e06ef75f7",
  "outputs": {},
  "resources": [
    {
      "mode": "managed",
      "type": "local_file",
      "name": "res1",
      "provider": "provider[\"registry.terraform.io/hashicorp/local\"]",
      "instances": [
        {
          "schema_version": 0,
          "attributes": {
            "content": "this is resa1",
            "content_base64": null,
            "content_base64sha256": "MvJP4eb0WUWkRtR3Cn6zaK+CFoeeqcKCL8M5zHPb96A=",
            "content_base64sha512": "99VRKu/KTp3cDgFiGu1J9UhBdlCaCODg1IvnCL2helosbnaq5xRTm19HhDON1cg2JcsfQYt4gP+h02jQ12EjPA==",
            "content_md5": "f4ee160fb19cc0bcb3d1b252024b9c0a",
            "content_sha1": "3108ed7a5a7b953d4a80c349ec755a443884582d",
            "content_sha256": "32f24fe1e6f45945a446d4770a7eb368af8216879ea9c2822fc339cc73dbf7a0",
            "content_sha512": "f7d5512aefca4e9ddc0e01621aed49f5484176509a08e0e0d48be708bda17a5a2c6e76aae714539b5f4784338dd5c83625cb1f418b7880ffa1d368d0d761233c",
            "directory_permission": "0777",
            "file_permission": "0777",
            "filename": "roshan",
            "id": "3108ed7a5a7b953d4a80c349ec755a443884582d",
            "sensitive_content": null,
            "source": null
          },
          "sensitive_attributes": [
            [
              {
                "type": "get_attr",
                "value": "sensitive_content"
              }
            ]
          ],
          "create_before_destroy": true
        }
      ]
    },
    {
      "mode": "managed",
      "type": "local_file",
      "name": "res2",
      "provider": "provider[\"registry.terraform.io/hashicorp/local\"]",
      "instances": [
        {
          "schema_version": 0,
          "attributes": {
            "content": "this is res2",
            "content_base64": null,
            "content_base64sha256": "mc/0TsyJg+CUi/K6WEYDeLas03gpq4dWZ4aJaF6FIBE=",
            "content_base64sha512": "yubfgCDOJf2DEdfYZh3NJ1Pq8pG2PAVpqiQu55BfqaEvXsI56kNzVrkvcGlzshTOWiAFoXlCNb+efLvoxzdc0A==",
            "content_md5": "45db9c26e6d6e141fff349c7684b4900",
            "content_sha1": "be9ae4c80ba838dad4d5a07a7d59f9d7173adfed",
            "content_sha256": "99cff44ecc8983e0948bf2ba58460378b6acd37829ab8756678689685e852011",
            "content_sha512": "cae6df8020ce25fd8311d7d8661dcd2753eaf291b63c0569aa242ee7905fa9a12f5ec239ea437356b92f706973b214ce5a2005a1794235bf9e7cbbe8c7375cd0",
            "directory_permission": "0777",
            "file_permission": "0777",
            "filename": "3108ed7a5a7b953d4a80c349ec755a443884582d",
            "id": "be9ae4c80ba838dad4d5a07a7d59f9d7173adfed",
            "sensitive_content": null,
            "source": null
          },
          "sensitive_attributes": [
            [
              {
                "type": "get_attr",
                "value": "sensitive_content"
              }
            ]
          ],
          "dependencies": [
            "local_file.res1"
          ]
        }
      ]
    }
  ],
  "check_results": null
}
