{
  "version": 4,
  "terraform_version": "1.9.6",
  "serial": 23,
  "lineage": "30db54b2-7641-d792-6632-210e06ef75f7",
  "outputs": {},
  "resources": [
    {
      "mode": "managed",
      "type": "local_file",
      "name": "res1",
      "provider": "provider[\"registry.terraform.io/hashicorp/local\"]",
      "instances": [
        {
          "schema_version": 0,
          "attributes": {
            "content": "this is resa1",
            "content_base64": null,
            "content_base64sha256": "MvJP4eb0WUWkRtR3Cn6zaK+CFoeeqcKCL8M5zHPb96A=",
            "content_base64sha512": "99VRKu/KTp3cDgFiGu1J9UhBdlCaCODg1IvnCL2helosbnaq5xRTm19HhDON1cg2JcsfQYt4gP+h02jQ12EjPA==",
            "content_md5": "f4ee160fb19cc0bcb3d1b252024b9c0a",
            "content_sha1": "3108ed7a5a7b953d4a80c349ec755a443884582d",
            "content_sha256": "32f24fe1e6f45945a446d4770a7eb368af8216879ea9c2822fc339cc73dbf7a0",
            "content_sha512": "f7d5512aefca4e9ddc0e01621aed49f5484176509a08e0e0d48be708bda17a5a2c6e76aae714539b5f4784338dd5c83625cb1f418b7880ffa1d368d0d761233c",
            "directory_permission": "0777",
            "file_permission": "0777",
            "filename": "roshan",
            "id": "3108ed7a5a7b953d4a80c349ec755a443884582d",
            "sensitive_content": null,
            "source": null
          },
          "sensitive_attributes": [
            [
              {
                "type": "get_attr",
                "value": "sensitive_content"
              }
            ]
          ]
        }
      ]
    },
    {
      "mode": "managed",
      "type": "local_file",
      "name": "res2",
      "provider": "provider[\"registry.terraform.io/hashicorp/local\"]",
      "instances": [
        {
          "schema_version": 0,
          "attributes": {
            "content": "this is res2",
            "content_base64": null,
            "content_base64sha256": "mc/0TsyJg+CUi/K6WEYDeLas03gpq4dWZ4aJaF6FIBE=",
            "content_base64sha512": "yubfgCDOJf2DEdfYZh3NJ1Pq8pG2PAVpqiQu55BfqaEvXsI56kNzVrkvcGlzshTOWiAFoXlCNb+efLvoxzdc0A==",
            "content_md5": "45db9c26e6d6e141fff349c7684b4900",
            "content_sha1": "be9ae4c80ba838dad4d5a07a7d59f9d7173adfed",
            "content_sha256": "99cff44ecc8983e0948bf2ba58460378b6acd37829ab8756678689685e852011",
            "content_sha512": "cae6df8020ce25fd8311d7d8661dcd2753eaf291b63c0569aa242ee7905fa9a12f5ec239ea437356b92f706973b214ce5a2005a1794235bf9e7cbbe8c7375cd0",
            "directory_permission": "0777",
            "file_permission": "0777",
            "filename": "3108ed7a5a7b953d4a80c349ec755a443884582d",
            "id": "be9ae4c80ba838dad4d5a07a7d59f9d7173adfed",
            "sensitive_content": null,
            "source": null
          },
          "sensitive_attributes": [
            [
              {
                "type": "get_attr",
                "value": "sensitive_content"
              }
            ]
          ],
          "dependencies": [
            "local_file.res1"
          ]
        }
      ]
    },
    {
      "mode": "managed",
      "type": "local_file",
      "name": "res3",
      "provider": "provider[\"registry.terraform.io/hashicorp/local\"]",
      "instances": [
        {
          "schema_version": 0,
          "attributes": {
            "content": "this is resb3",
            "content_base64": null,
            "content_base64sha256": "R0pZ3ylbk5nSQzjxuDIMqyTChduHsneHnKWisNQNTnI=",
            "content_base64sha512": "C5UvmSp9skI4V7vcP3yD+0IgTojv+wyhLMYZdl/AQQjX3Z3hZjm27T0HsXF9dZVOJBwOt7ruHgg7is5kgtAWow==",
            "content_md5": "b253748be3d63a4fce161dcdb0a3a463",
            "content_sha1": "c269b682487c7b365d92771c026bdfd8351a4982",
            "content_sha256": "474a59df295b9399d24338f1b8320cab24c285db87b277879ca5a2b0d40d4e72",
            "content_sha512": "0b952f992a7db2423857bbdc3f7c83fb42204e88effb0ca12cc619765fc04108d7dd9de16639b6ed3d07b1717d75954e241c0eb7baee1e083b8ace6482d016a3",
            "directory_permission": "0777",
            "file_permission": "0777",
            "filename": "rosh",
            "id": "c269b682487c7b365d92771c026bdfd8351a4982",
            "sensitive_content": null,
            "source": null
          },
          "sensitive_attributes": [
            [
              {
                "type": "get_attr",
                "value": "sensitive_content"
              }
            ]
          ],
          "dependencies": [
            "local_file.res1",
            "local_file.res2",
            "local_file.res4",
            "local_file.res5"
          ]
        }
      ]
    },
    {
      "mode": "managed",
      "type": "local_file",
      "name": "res4",
      "provider": "provider[\"registry.terraform.io/hashicorp/local\"]",
      "instances": [
        {
          "schema_version": 0,
          "attributes": {
            "content": "this is resc4",
            "content_base64": null,
            "content_base64sha256": "A12kKeyEjjJLtDifW/eR7LaCJLgLV8CvT+QH6SPZtLc=",
            "content_base64sha512": "DRUAY7H8mXvLXGX6YbtlEa6ggMPKz+gM6JEIYEVlsPyngvcpOYKNnkcfBQCax9vqyaQxfW0A2gxexqnoQDgthw==",
            "content_md5": "41a3c509e415f9df4c06a156316446c6",
            "content_sha1": "b2c5f0d23bc48845fa713dd512a883c300819444",
            "content_sha256": "035da429ec848e324bb4389f5bf791ecb68224b80b57c0af4fe407e923d9b4b7",
            "content_sha512": "0d150063b1fc997bcb5c65fa61bb6511aea080c3cacfe80ce89108604565b0fca782f72939828d9e471f05009ac7dbeac9a4317d6d00da0c5ec6a9e840382d87",
            "directory_permission": "0777",
            "file_permission": "0777",
            "filename": "be9ae4c80ba838dad4d5a07a7d59f9d7173adfed",
            "id": "b2c5f0d23bc48845fa713dd512a883c300819444",
            "sensitive_content": null,
            "source": null
          },
          "sensitive_attributes": [
            [
              {
                "type": "get_attr",
                "value": "sensitive_content"
              }
            ]
          ],
          "dependencies": [
            "local_file.res1",
            "local_file.res2"
          ]
        }
      ]
    },
    {
      "mode": "managed",
      "type": "local_file",
      "name": "res5",
      "provider": "provider[\"registry.terraform.io/hashicorp/local\"]",
      "instances": [
        {
          "schema_version": 0,
          "attributes": {
            "content": "this is resd5",
            "content_base64": null,
            "content_base64sha256": "7dxSq1PCRnT73oJVufmKh/9Fmpvb1lj41xPaF52Qo+0=",
            "content_base64sha512": "7FkkU5g0BITr2mj0GdWNeO/ybOMsK9ituDyrit55XRJ7RNwbhfvO3ut4kcVVpGk0P7XhfHxx3i9rdM+eRPIRtw==",
            "content_md5": "751f573d6652d58bf2381c6f11ef931c",
            "content_sha1": "e35bab514929d0177cf96891bbce862924e5e456",
            "content_sha256": "eddc52ab53c24674fbde8255b9f98a87ff459a9bdbd658f8d713da179d90a3ed",
            "content_sha512": "ec59245398340484ebda68f419d58d78eff26ce32c2bd8adb83cab8ade795d127b44dc1b85fbcedeeb7891c555a469343fb5e17c7c71de2f6b74cf9e44f211b7",
            "directory_permission": "0777",
            "file_permission": "0777",
            "filename": "roshzam",
            "id": "e35bab514929d0177cf96891bbce862924e5e456",
            "sensitive_content": null,
            "source": null
          },
          "sensitive_attributes": [
            [
              {
                "type": "get_attr",
                "value": "sensitive_content"
              }
            ]
          ]
        }
      ]
    }
  ],
  "check_results": null
}
