{
  "version": 4,
  "terraform_version": "1.9.6",
  "serial": 25,
  "lineage": "0723590d-29c2-a861-0a82-7b46fada3dea",
  "outputs": {
    "file_id": {
      "value": "7667a041c46140b2d736b04fea348eaa2401d23d",
      "type": "string"
    }
  },
  "resources": [
    {
      "mode": "managed",
      "type": "local_file",
      "name": "file1",
      "provider": "provider[\"registry.terraform.io/hashicorp/local\"]",
      "instances": [
        {
          "schema_version": 0,
          "attributes": {
            "content": "perpodroshanname",
            "content_base64": null,
            "content_base64sha256": "iEcIVSpmgiQmCOZjQt4e2jtNutR8nsywNE8PLuNf0hc=",
            "content_base64sha512": "QKC5U2TaimAgml46vyE8NQErOZr/hpzqF8HeOmHe6lkH01j2eiwXqEPrS7DhuixVNvZYOB1cMnPWXYnQDGeZfA==",
            "content_md5": "6c394c8ae33ca5559700f6bc0ef7f3a9",
            "content_sha1": "7667a041c46140b2d736b04fea348eaa2401d23d",
            "content_sha256": "884708552a6682242608e66342de1eda3b4dbad47c9eccb0344f0f2ee35fd217",
            "content_sha512": "40a0b95364da8a60209a5e3abf213c35012b399aff869cea17c1de3a61deea5907d358f67a2c17a843eb4bb0e1ba2c5536f658381d5c3273d65d89d00c67997c",
            "directory_permission": "0777",
            "file_permission": "0777",
            "filename": "prepodcontent",
            "id": "7667a041c46140b2d736b04fea348eaa2401d23d",
            "sensitive_content": null,
            "source": null
          },
          "sensitive_attributes": [
            [
              {
                "type": "get_attr",
                "value": "sensitive_content"
              }
            ]
          ]
        }
      ]
    }
  ],
  "check_results": null
}
